
Microsoft Visual Studio Solution File, Format Version 12.00
# Visual Studio Version 17
VisualStudioVersion = 17.6.33712.159
MinimumVisualStudioVersion = 10.0.40219.1
Project("{FAE04EC0-301F-11D3-BF4B-00C04F79EFBC}") = "ShopProject", "ShopProject\ShopProject.csproj", "{A901DF66-9A24-4874-8433-DACFF15A5967}"
EndProject
Global
	GlobalSection(SolutionConfigurationPlatforms) = preSolution
		Debug|Any CPU = Debug|Any CPU
		Release|Any CPU = Release|Any CPU
	EndGlobalSection
	GlobalSection(ProjectConfigurationPlatforms) = postSolution
		{A901DF66-9A24-4874-8433-DACFF15A5967}.Debug|Any CPU.ActiveCfg = Debug|Any CPU
		{A901DF66-9A24-4874-8433-DACFF15A5967}.Debug|Any CPU.Build.0 = Debug|Any CPU
		{A901DF66-9A24-4874-8433-DACFF15A5967}.Release|Any CPU.ActiveCfg = Release|Any CPU
		{A901DF66-9A24-4874-8433-DACFF15A5967}.Release|Any CPU.Build.0 = Release|Any CPU
	EndGlobalSection
	GlobalSection(SolutionProperties) = preSolution
		HideSolutionNode = FALSE
	EndGlobalSection
	GlobalSection(ExtensibilityGlobals) = postSolution
		SolutionGuid = {0F029A36-3B0D-4FC4-A2A2-BA7C8E082F8B}
	EndGlobalSection
EndGlobal
